
Microsoft Visual Studio Solution File, Format Version 12.00
# Visual Studio 15
VisualStudioVersion = 15.0.28010.2048
MinimumVisualStudioVersion = 10.0.40219.1
Project("{FAE04EC0-301F-11D3-BF4B-00C04F79EFBC}") = "GitMonitor", "GitMonitor\GitMonitor.csproj", "{AE04522F-DB69-4BA8-AAF3-A90D047283F1}"
EndProject
Global
	GlobalSection(SolutionConfigurationPlatforms) = preSolution
		Debug|Any CPU = Debug|Any CPU
		Release|Any CPU = Release|Any CPU
	EndGlobalSection
	GlobalSection(ProjectConfigurationPlatforms) = postSolution
		{AE04522F-DB69-4BA8-AAF3-A90D047283F1}.Debug|Any CPU.ActiveCfg = Debug|Any CPU
		{AE04522F-DB69-4BA8-AAF3-A90D047283F1}.Debug|Any CPU.Build.0 = Debug|Any CPU
		{AE04522F-DB69-4BA8-AAF3-A90D047283F1}.Release|Any CPU.ActiveCfg = Release|Any CPU
		{AE04522F-DB69-4BA8-AAF3-A90D047283F1}.Release|Any CPU.Build.0 = Release|Any CPU
	EndGlobalSection
	GlobalSection(SolutionProperties) = preSolution
		HideSolutionNode = FALSE
	EndGlobalSection
	GlobalSection(ExtensibilityGlobals) = postSolution
		SolutionGuid = {7E77DDCC-BAD1-4EF8-9365-61DA80966759}
	EndGlobalSection
EndGlobal
